// !$*UTF8*$!
{
	archiveVersion = 1;
	classes = {
	};
	objectVersion = 46;
	objects = {

/* Begin PBXBuildFile section */
		535FF6B9752B1E2951D60257 /* Pods_walkdeliveryTests.framework in Frameworks */ = {isa = PBXBuildFile; fileRef = 408D5013D49AE16D22A24FC5 /* Pods_walkdeliveryTests.framework */; };
		555A1F6C1ECB1EBB00DA7A73 /* AppDelegate.swift in Sources */ = {isa = PBXBuildFile; fileRef = 555A1F6B1ECB1EBB00DA7A73 /* AppDelegate.swift */; };
		555A1F731ECB1EBB00DA7A73 /* Assets.xcassets in Resources */ = {isa = PBXBuildFile; fileRef = 555A1F721ECB1EBB00DA7A73 /* Assets.xcassets */; };
		555A1F7E1ECB1F5300DA7A73 /* GoogleService-Info.plist in Resources */ = {isa = PBXBuildFile; fileRef = 555A1F7D1ECB1F5300DA7A73 /* GoogleService-Info.plist */; };
		55696FE91ED918B60091B98E /* AuthService.swift in Sources */ = {isa = PBXBuildFile; fileRef = 55696FE81ED918B60091B98E /* AuthService.swift */; };
		55696FEB1ED918F00091B98E /* AuthServiceProtocol.swift in Sources */ = {isa = PBXBuildFile; fileRef = 55696FEA1ED918F00091B98E /* AuthServiceProtocol.swift */; };
		55696FED1ED933CD0091B98E /* ErrorEntity.swift in Sources */ = {isa = PBXBuildFile; fileRef = 55696FEC1ED933CD0091B98E /* ErrorEntity.swift */; };
		55696FF41EDB4BFA0091B98E /* ItemStoreServiceTests.swift in Sources */ = {isa = PBXBuildFile; fileRef = 55696FF31EDB4BFA0091B98E /* ItemStoreServiceTests.swift */; };
		55D831691EE1E96F00989738 /* ItemEntity.swift in Sources */ = {isa = PBXBuildFile; fileRef = 55D831681EE1E96F00989738 /* ItemEntity.swift */; };
		55D8316C1EE2843800989738 /* AuthScenePresenter.swift in Sources */ = {isa = PBXBuildFile; fileRef = 55D8316B1EE2843800989738 /* AuthScenePresenter.swift */; };
		55D8316E1EE2851F00989738 /* AuthViewController.swift in Sources */ = {isa = PBXBuildFile; fileRef = 55D8316D1EE2851F00989738 /* AuthViewController.swift */; };
		55D831701EE285FA00989738 /* AuthViewInterface.swift in Sources */ = {isa = PBXBuildFile; fileRef = 55D8316F1EE285FA00989738 /* AuthViewInterface.swift */; };
		55D831721EE2870200989738 /* AuthSceneInteractorInterface.swift in Sources */ = {isa = PBXBuildFile; fileRef = 55D831711EE2870200989738 /* AuthSceneInteractorInterface.swift */; };
		55D831761EE289AD00989738 /* InitialFlowItemsInteractorInterface.swift in Sources */ = {isa = PBXBuildFile; fileRef = 55D831751EE289AD00989738 /* InitialFlowItemsInteractorInterface.swift */; };
		55D831781EE28A0100989738 /* AuthSceneAssembly.swift in Sources */ = {isa = PBXBuildFile; fileRef = 55D831771EE28A0100989738 /* AuthSceneAssembly.swift */; };
		55D8317A1EE28C0500989738 /* AuthSceneIntercator.swift in Sources */ = {isa = PBXBuildFile; fileRef = 55D831791EE28C0500989738 /* AuthSceneIntercator.swift */; };
		55D8317E1EE2949700989738 /* LaunchXib.xib in Resources */ = {isa = PBXBuildFile; fileRef = 55D8317D1EE2949700989738 /* LaunchXib.xib */; };
		55F77E371ECDC5780094EF0F /* InitialFlowItemsInteractor.swift in Sources */ = {isa = PBXBuildFile; fileRef = 55F77E361ECDC5780094EF0F /* InitialFlowItemsInteractor.swift */; };
		55F77E3A1ECDC8910094EF0F /* DisplayedItemsPresenter.swift in Sources */ = {isa = PBXBuildFile; fileRef = 55F77E391ECDC8910094EF0F /* DisplayedItemsPresenter.swift */; };
		55F77E4A1ECDC9BB0094EF0F /* InitialFlowItemsInteractorTests.swift in Sources */ = {isa = PBXBuildFile; fileRef = 55F77E491ECDC9BB0094EF0F /* InitialFlowItemsInteractorTests.swift */; };
		55F77E4D1ECDD0470094EF0F /* ItemsStoreService.swift in Sources */ = {isa = PBXBuildFile; fileRef = 55F77E4C1ECDD0470094EF0F /* ItemsStoreService.swift */; };
		55F77E4F1ECDD1000094EF0F /* ItemsStoreServiceProtocol.swift in Sources */ = {isa = PBXBuildFile; fileRef = 55F77E4E1ECDD1000094EF0F /* ItemsStoreServiceProtocol.swift */; };
		DB7EA1AA8F6F1F93BA1F252A /* Pods_walkdelivery.framework in Frameworks */ = {isa = PBXBuildFile; fileRef = B07028FD978B83E0F7B66506 /* Pods_walkdelivery.framework */; };
/* End PBXBuildFile section */

/* Begin PBXContainerItemProxy section */
		55F77E441ECDC9950094EF0F /* PBXContainerItemProxy */ = {
			isa = PBXContainerItemProxy;
			containerPortal = 555A1F601ECB1EBB00DA7A73 /* Project object */;
			proxyType = 1;
			remoteGlobalIDString = 555A1F671ECB1EBB00DA7A73;
			remoteInfo = walkdelivery;
		};
/* End PBXContainerItemProxy section */

/* Begin PBXFileReference section */
		408D5013D49AE16D22A24FC5 /* Pods_walkdeliveryTests.framework */ = {isa = PBXFileReference; explicitFileType = wrapper.framework; includeInIndex = 0; path = Pods_walkdeliveryTests.framework; sourceTree = BUILT_PRODUCTS_DIR; };
		4F13E919C41BD86BEDA56728 /* Pods-walkdelivery.debug.xcconfig */ = {isa = PBXFileReference; includeInIndex = 1; lastKnownFileType = text.xcconfig; name = "Pods-walkdelivery.debug.xcconfig"; path = "Pods/Target Support Files/Pods-walkdelivery/Pods-walkdelivery.debug.xcconfig"; sourceTree = "<group>"; };
		555A1F681ECB1EBB00DA7A73 /* walkdelivery.app */ = {isa = PBXFileReference; explicitFileType = wrapper.application; includeInIndex = 0; path = walkdelivery.app; sourceTree = BUILT_PRODUCTS_DIR; };
		555A1F6B1ECB1EBB00DA7A73 /* AppDelegate.swift */ = {isa = PBXFileReference; lastKnownFileType = sourcecode.swift; path = AppDelegate.swift; sourceTree = "<group>"; };
		555A1F721ECB1EBB00DA7A73 /* Assets.xcassets */ = {isa = PBXFileReference; lastKnownFileType = folder.assetcatalog; path = Assets.xcassets; sourceTree = "<group>"; };
		555A1F771ECB1EBB00DA7A73 /* Info.plist */ = {isa = PBXFileReference; lastKnownFileType = text.plist.xml; path = Info.plist; sourceTree = "<group>"; };
		555A1F7D1ECB1F5300DA7A73 /* GoogleService-Info.plist */ = {isa = PBXFileReference; fileEncoding = 4; lastKnownFileType = text.plist.xml; path = "GoogleService-Info.plist"; sourceTree = "<group>"; };
		55696FE81ED918B60091B98E /* AuthService.swift */ = {isa = PBXFileReference; fileEncoding = 4; lastKnownFileType = sourcecode.swift; path = AuthService.swift; sourceTree = "<group>"; };
		55696FEA1ED918F00091B98E /* AuthServiceProtocol.swift */ = {isa = PBXFileReference; fileEncoding = 4; lastKnownFileType = sourcecode.swift; path = AuthServiceProtocol.swift; sourceTree = "<group>"; };
		55696FEC1ED933CD0091B98E /* ErrorEntity.swift */ = {isa = PBXFileReference; fileEncoding = 4; lastKnownFileType = sourcecode.swift; path = ErrorEntity.swift; sourceTree = "<group>"; };
		55696FF01ED93BE00091B98E /* walkdelivery.entitlements */ = {isa = PBXFileReference; lastKnownFileType = text.plist.entitlements; path = walkdelivery.entitlements; sourceTree = "<group>"; };
		55696FF31EDB4BFA0091B98E /* ItemStoreServiceTests.swift */ = {isa = PBXFileReference; fileEncoding = 4; lastKnownFileType = sourcecode.swift; path = ItemStoreServiceTests.swift; sourceTree = "<group>"; };
		55D831681EE1E96F00989738 /* ItemEntity.swift */ = {isa = PBXFileReference; fileEncoding = 4; lastKnownFileType = sourcecode.swift; path = ItemEntity.swift; sourceTree = "<group>"; };
		55D8316B1EE2843800989738 /* AuthScenePresenter.swift */ = {isa = PBXFileReference; fileEncoding = 4; lastKnownFileType = sourcecode.swift; path = AuthScenePresenter.swift; sourceTree = "<group>"; };
		55D8316D1EE2851F00989738 /* AuthViewController.swift */ = {isa = PBXFileReference; fileEncoding = 4; lastKnownFileType = sourcecode.swift; path = AuthViewController.swift; sourceTree = "<group>"; };
		55D8316F1EE285FA00989738 /* AuthViewInterface.swift */ = {isa = PBXFileReference; fileEncoding = 4; lastKnownFileType = sourcecode.swift; path = AuthViewInterface.swift; sourceTree = "<group>"; };
		55D831711EE2870200989738 /* AuthSceneInteractorInterface.swift */ = {isa = PBXFileReference; fileEncoding = 4; lastKnownFileType = sourcecode.swift; path = AuthSceneInteractorInterface.swift; sourceTree = "<group>"; };
		55D831751EE289AD00989738 /* InitialFlowItemsInteractorInterface.swift */ = {isa = PBXFileReference; fileEncoding = 4; lastKnownFileType = sourcecode.swift; path = InitialFlowItemsInteractorInterface.swift; sourceTree = "<group>"; };
		55D831771EE28A0100989738 /* AuthSceneAssembly.swift */ = {isa = PBXFileReference; fileEncoding = 4; lastKnownFileType = sourcecode.swift; path = AuthSceneAssembly.swift; sourceTree = "<group>"; };
		55D831791EE28C0500989738 /* AuthSceneIntercator.swift */ = {isa = PBXFileReference; fileEncoding = 4; lastKnownFileType = sourcecode.swift; path = AuthSceneIntercator.swift; sourceTree = "<group>"; };
		55D8317D1EE2949700989738 /* LaunchXib.xib */ = {isa = PBXFileReference; fileEncoding = 4; lastKnownFileType = file.xib; path = LaunchXib.xib; sourceTree = "<group>"; };
		55F77E361ECDC5780094EF0F /* InitialFlowItemsInteractor.swift */ = {isa = PBXFileReference; fileEncoding = 4; lastKnownFileType = sourcecode.swift; path = InitialFlowItemsInteractor.swift; sourceTree = "<group>"; };
		55F77E391ECDC8910094EF0F /* DisplayedItemsPresenter.swift */ = {isa = PBXFileReference; fileEncoding = 4; lastKnownFileType = sourcecode.swift; path = DisplayedItemsPresenter.swift; sourceTree = "<group>"; };
		55F77E3F1ECDC9950094EF0F /* walkdeliveryTests.xctest */ = {isa = PBXFileReference; explicitFileType = wrapper.cfbundle; includeInIndex = 0; path = walkdeliveryTests.xctest; sourceTree = BUILT_PRODUCTS_DIR; };
		55F77E431ECDC9950094EF0F /* Info.plist */ = {isa = PBXFileReference; lastKnownFileType = text.plist.xml; path = Info.plist; sourceTree = "<group>"; };
		55F77E491ECDC9BB0094EF0F /* InitialFlowItemsInteractorTests.swift */ = {isa = PBXFileReference; fileEncoding = 4; lastKnownFileType = sourcecode.swift; path = InitialFlowItemsInteractorTests.swift; sourceTree = "<group>"; };
		55F77E4C1ECDD0470094EF0F /* ItemsStoreService.swift */ = {isa = PBXFileReference; fileEncoding = 4; lastKnownFileType = sourcecode.swift; path = ItemsStoreService.swift; sourceTree = "<group>"; };
		55F77E4E1ECDD1000094EF0F /* ItemsStoreServiceProtocol.swift */ = {isa = PBXFileReference; fileEncoding = 4; lastKnownFileType = sourcecode.swift; path = ItemsStoreServiceProtocol.swift; sourceTree = "<group>"; };
		966417674724C99A7EB57AFE /* Pods-walkdeliveryTests.release.xcconfig */ = {isa = PBXFileReference; includeInIndex = 1; lastKnownFileType = text.xcconfig; name = "Pods-walkdeliveryTests.release.xcconfig"; path = "Pods/Target Support Files/Pods-walkdeliveryTests/Pods-walkdeliveryTests.release.xcconfig"; sourceTree = "<group>"; };
		AFDF9E635457BE0DEBFC8880 /* Pods-walkdeliveryTests.debug.xcconfig */ = {isa = PBXFileReference; includeInIndex = 1; lastKnownFileType = text.xcconfig; name = "Pods-walkdeliveryTests.debug.xcconfig"; path = "Pods/Target Support Files/Pods-walkdeliveryTests/Pods-walkdeliveryTests.debug.xcconfig"; sourceTree = "<group>"; };
		B07028FD978B83E0F7B66506 /* Pods_walkdelivery.framework */ = {isa = PBXFileReference; explicitFileType = wrapper.framework; includeInIndex = 0; path = Pods_walkdelivery.framework; sourceTree = BUILT_PRODUCTS_DIR; };
		FC5C392CA8AF1ECA5AB727C6 /* Pods-walkdelivery.release.xcconfig */ = {isa = PBXFileReference; includeInIndex = 1; lastKnownFileType = text.xcconfig; name = "Pods-walkdelivery.release.xcconfig"; path = "Pods/Target Support Files/Pods-walkdelivery/Pods-walkdelivery.release.xcconfig"; sourceTree = "<group>"; };
/* End PBXFileReference section */

/* Begin PBXFrameworksBuildPhase section */
		555A1F651ECB1EBB00DA7A73 /* Frameworks */ = {
			isa = PBXFrameworksBuildPhase;
			buildActionMask = 2147483647;
			files = (
				DB7EA1AA8F6F1F93BA1F252A /* Pods_walkdelivery.framework in Frameworks */,
			);
			runOnlyForDeploymentPostprocessing = 0;
		};
		55F77E3C1ECDC9950094EF0F /* Frameworks */ = {
			isa = PBXFrameworksBuildPhase;
			buildActionMask = 2147483647;
			files = (
				535FF6B9752B1E2951D60257 /* Pods_walkdeliveryTests.framework in Frameworks */,
			);
			runOnlyForDeploymentPostprocessing = 0;
		};
/* End PBXFrameworksBuildPhase section */

/* Begin PBXGroup section */
		555A1F5F1ECB1EBB00DA7A73 = {
			isa = PBXGroup;
			children = (
				555A1F6A1ECB1EBB00DA7A73 /* walkdelivery */,
				55F77E401ECDC9950094EF0F /* walkdeliveryTests */,
				555A1F691ECB1EBB00DA7A73 /* Products */,
				F23AC1CAA4418E5ED40F86E9 /* Pods */,
				A60095FC7B0049A99091DC98 /* Frameworks */,
			);
			sourceTree = "<group>";
		};
		555A1F691ECB1EBB00DA7A73 /* Products */ = {
			isa = PBXGroup;
			children = (
				555A1F681ECB1EBB00DA7A73 /* walkdelivery.app */,
				55F77E3F1ECDC9950094EF0F /* walkdeliveryTests.xctest */,
			);
			name = Products;
			sourceTree = "<group>";
		};
		555A1F6A1ECB1EBB00DA7A73 /* walkdelivery */ = {
			isa = PBXGroup;
			children = (
				55696FF01ED93BE00091B98E /* walkdelivery.entitlements */,
				55F77E4B1ECDCE900094EF0F /* Services */,
				55F77E351ECDC54B0094EF0F /* Scenes */,
				555A1F7D1ECB1F5300DA7A73 /* GoogleService-Info.plist */,
				555A1F6B1ECB1EBB00DA7A73 /* AppDelegate.swift */,
				555A1F721ECB1EBB00DA7A73 /* Assets.xcassets */,
				55D8317D1EE2949700989738 /* LaunchXib.xib */,
				555A1F771ECB1EBB00DA7A73 /* Info.plist */,
			);
			path = walkdelivery;
			sourceTree = "<group>";
		};
		55D8316A1EE2840B00989738 /* AuthScene */ = {
			isa = PBXGroup;
			children = (
				55D831711EE2870200989738 /* AuthSceneInteractorInterface.swift */,
				55D831791EE28C0500989738 /* AuthSceneIntercator.swift */,
				55D8316B1EE2843800989738 /* AuthScenePresenter.swift */,
				55D8316F1EE285FA00989738 /* AuthViewInterface.swift */,
				55D8316D1EE2851F00989738 /* AuthViewController.swift */,
				55D831771EE28A0100989738 /* AuthSceneAssembly.swift */,
			);
			name = AuthScene;
			path = AuthPresenter;
			sourceTree = "<group>";
		};
		55F77E351ECDC54B0094EF0F /* Scenes */ = {
			isa = PBXGroup;
			children = (
				55D831751EE289AD00989738 /* InitialFlowItemsInteractorInterface.swift */,
				55F77E361ECDC5780094EF0F /* InitialFlowItemsInteractor.swift */,
				55D8316A1EE2840B00989738 /* AuthScene */,
				55F77E381ECDC83F0094EF0F /* DisplayedItems */,
			);
			path = Scenes;
			sourceTree = "<group>";
		};
		55F77E381ECDC83F0094EF0F /* DisplayedItems */ = {
			isa = PBXGroup;
			children = (
				55F77E391ECDC8910094EF0F /* DisplayedItemsPresenter.swift */,
			);
			path = DisplayedItems;
			sourceTree = "<group>";
		};
		55F77E401ECDC9950094EF0F /* walkdeliveryTests */ = {
			isa = PBXGroup;
			children = (
				55F77E431ECDC9950094EF0F /* Info.plist */,
				55F77E491ECDC9BB0094EF0F /* InitialFlowItemsInteractorTests.swift */,
				55696FF31EDB4BFA0091B98E /* ItemStoreServiceTests.swift */,
			);
			path = walkdeliveryTests;
			sourceTree = "<group>";
		};
		55F77E4B1ECDCE900094EF0F /* Services */ = {
			isa = PBXGroup;
			children = (
				55696FEC1ED933CD0091B98E /* ErrorEntity.swift */,
				55D831681EE1E96F00989738 /* ItemEntity.swift */,
				55F77E4E1ECDD1000094EF0F /* ItemsStoreServiceProtocol.swift */,
				55F77E4C1ECDD0470094EF0F /* ItemsStoreService.swift */,
				55696FEA1ED918F00091B98E /* AuthServiceProtocol.swift */,
				55696FE81ED918B60091B98E /* AuthService.swift */,
			);
			path = Services;
			sourceTree = "<group>";
		};
		A60095FC7B0049A99091DC98 /* Frameworks */ = {
			isa = PBXGroup;
			children = (
				B07028FD978B83E0F7B66506 /* Pods_walkdelivery.framework */,
				408D5013D49AE16D22A24FC5 /* Pods_walkdeliveryTests.framework */,
			);
			name = Frameworks;
			sourceTree = "<group>";
		};
		F23AC1CAA4418E5ED40F86E9 /* Pods */ = {
			isa = PBXGroup;
			children = (
				4F13E919C41BD86BEDA56728 /* Pods-walkdelivery.debug.xcconfig */,
				FC5C392CA8AF1ECA5AB727C6 /* Pods-walkdelivery.release.xcconfig */,
				AFDF9E635457BE0DEBFC8880 /* Pods-walkdeliveryTests.debug.xcconfig */,
				966417674724C99A7EB57AFE /* Pods-walkdeliveryTests.release.xcconfig */,
			);
			name = Pods;
			sourceTree = "<group>";
		};
/* End PBXGroup section */

/* Begin PBXNativeTarget section */
		555A1F671ECB1EBB00DA7A73 /* walkdelivery */ = {
			isa = PBXNativeTarget;
			buildConfigurationList = 555A1F7A1ECB1EBB00DA7A73 /* Build configuration list for PBXNativeTarget "walkdelivery" */;
			buildPhases = (
				3EB86241AB9198DA6794EB94 /* [CP] Check Pods Manifest.lock */,
				555A1F641ECB1EBB00DA7A73 /* Sources */,
				555A1F651ECB1EBB00DA7A73 /* Frameworks */,
				555A1F661ECB1EBB00DA7A73 /* Resources */,
				E9CCD9E9BACEAD53D0D04447 /* [CP] Embed Pods Frameworks */,
				753762A2683453F140F8CD06 /* [CP] Copy Pods Resources */,
			);
			buildRules = (
			);
			dependencies = (
			);
			name = walkdelivery;
			productName = walkdelivery;
			productReference = 555A1F681ECB1EBB00DA7A73 /* walkdelivery.app */;
			productType = "com.apple.product-type.application";
		};
		55F77E3E1ECDC9950094EF0F /* walkdeliveryTests */ = {
			isa = PBXNativeTarget;
			buildConfigurationList = 55F77E461ECDC9950094EF0F /* Build configuration list for PBXNativeTarget "walkdeliveryTests" */;
			buildPhases = (
				5E0B1CD111F249C7C9BBF9D0 /* [CP] Check Pods Manifest.lock */,
				55F77E3B1ECDC9950094EF0F /* Sources */,
				55F77E3C1ECDC9950094EF0F /* Frameworks */,
				55F77E3D1ECDC9950094EF0F /* Resources */,
				7F17BF34B7FC83547B50246F /* [CP] Embed Pods Frameworks */,
				4A09156516951E58D4A69546 /* [CP] Copy Pods Resources */,
			);
			buildRules = (
			);
			dependencies = (
				55F77E451ECDC9950094EF0F /* PBXTargetDependency */,
			);
			name = walkdeliveryTests;
			productName = walkdeliveryTests;
			productReference = 55F77E3F1ECDC9950094EF0F /* walkdeliveryTests.xctest */;
			productType = "com.apple.product-type.bundle.unit-test";
		};
/* End PBXNativeTarget section */

/* Begin PBXProject section */
		555A1F601ECB1EBB00DA7A73 /* Project object */ = {
			isa = PBXProject;
			attributes = {
				LastSwiftUpdateCheck = 0820;
				LastUpgradeCheck = 0820;
				ORGANIZATIONNAME = lebedac;
				TargetAttributes = {
					555A1F671ECB1EBB00DA7A73 = {
						CreatedOnToolsVersion = 8.2.1;
						DevelopmentTeam = 6UKGANHQB6;
						ProvisioningStyle = Automatic;
						SystemCapabilities = {
							com.apple.Keychain = {
								enabled = 1;
							};
						};
					};
					55F77E3E1ECDC9950094EF0F = {
						CreatedOnToolsVersion = 8.2.1;
						DevelopmentTeam = 6UKGANHQB6;
						ProvisioningStyle = Automatic;
						TestTargetID = 555A1F671ECB1EBB00DA7A73;
					};
				};
			};
			buildConfigurationList = 555A1F631ECB1EBB00DA7A73 /* Build configuration list for PBXProject "walkdelivery" */;
			compatibilityVersion = "Xcode 3.2";
			developmentRegion = English;
			hasScannedForEncodings = 0;
			knownRegions = (
				en,
				Base,
			);
			mainGroup = 555A1F5F1ECB1EBB00DA7A73;
			productRefGroup = 555A1F691ECB1EBB00DA7A73 /* Products */;
			projectDirPath = "";
			projectRoot = "";
			targets = (
				555A1F671ECB1EBB00DA7A73 /* walkdelivery */,
				55F77E3E1ECDC9950094EF0F /* walkdeliveryTests */,
			);
		};
/* End PBXProject section */

/* Begin PBXResourcesBuildPhase section */
		555A1F661ECB1EBB00DA7A73 /* Resources */ = {
			isa = PBXResourcesBuildPhase;
			buildActionMask = 2147483647;
			files = (
				55D8317E1EE2949700989738 /* LaunchXib.xib in Resources */,
				555A1F7E1ECB1F5300DA7A73 /* GoogleService-Info.plist in Resources */,
				555A1F731ECB1EBB00DA7A73 /* Assets.xcassets in Resources */,
			);
			runOnlyForDeploymentPostprocessing = 0;
		};
		55F77E3D1ECDC9950094EF0F /* Resources */ = {
			isa = PBXResourcesBuildPhase;
			buildActionMask = 2147483647;
			files = (
			);
			runOnlyForDeploymentPostprocessing = 0;
		};
/* End PBXResourcesBuildPhase section */

/* Begin PBXShellScriptBuildPhase section */
		3EB86241AB9198DA6794EB94 /* [CP] Check Pods Manifest.lock */ = {
			isa = PBXShellScriptBuildPhase;
			buildActionMask = 2147483647;
			files = (
			);
			inputPaths = (
			);
			name = "[CP] Check Pods Manifest.lock";
			outputPaths = (
			);
			runOnlyForDeploymentPostprocessing = 0;
			shellPath = /bin/sh;
			shellScript = "diff \"${PODS_ROOT}/../Podfile.lock\" \"${PODS_ROOT}/Manifest.lock\" > /dev/null\nif [ $? != 0 ] ; then\n    # print error to STDERR\n    echo \"error: The sandbox is not in sync with the Podfile.lock. Run 'pod install' or update your CocoaPods installation.\" >&2\n    exit 1\nfi\n";
			showEnvVarsInLog = 0;
		};
		4A09156516951E58D4A69546 /* [CP] Copy Pods Resources */ = {
			isa = PBXShellScriptBuildPhase;
			buildActionMask = 2147483647;
			files = (
			);
			inputPaths = (
			);
			name = "[CP] Copy Pods Resources";
			outputPaths = (
			);
			runOnlyForDeploymentPostprocessing = 0;
			shellPath = /bin/sh;
			shellScript = "\"${SRCROOT}/Pods/Target Support Files/Pods-walkdeliveryTests/Pods-walkdeliveryTests-resources.sh\"\n";
			showEnvVarsInLog = 0;
		};
		5E0B1CD111F249C7C9BBF9D0 /* [CP] Check Pods Manifest.lock */ = {
			isa = PBXShellScriptBuildPhase;
			buildActionMask = 2147483647;
			files = (
			);
			inputPaths = (
			);
			name = "[CP] Check Pods Manifest.lock";
			outputPaths = (
			);
			runOnlyForDeploymentPostprocessing = 0;
			shellPath = /bin/sh;
			shellScript = "diff \"${PODS_ROOT}/../Podfile.lock\" \"${PODS_ROOT}/Manifest.lock\" > /dev/null\nif [ $? != 0 ] ; then\n    # print error to STDERR\n    echo \"error: The sandbox is not in sync with the Podfile.lock. Run 'pod install' or update your CocoaPods installation.\" >&2\n    exit 1\nfi\n";
			showEnvVarsInLog = 0;
		};
		753762A2683453F140F8CD06 /* [CP] Copy Pods Resources */ = {
			isa = PBXShellScriptBuildPhase;
			buildActionMask = 2147483647;
			files = (
			);
			inputPaths = (
			);
			name = "[CP] Copy Pods Resources";
			outputPaths = (
			);
			runOnlyForDeploymentPostprocessing = 0;
			shellPath = /bin/sh;
			shellScript = "\"${SRCROOT}/Pods/Target Support Files/Pods-walkdelivery/Pods-walkdelivery-resources.sh\"\n";
			showEnvVarsInLog = 0;
		};
		7F17BF34B7FC83547B50246F /* [CP] Embed Pods Frameworks */ = {
			isa = PBXShellScriptBuildPhase;
			buildActionMask = 2147483647;
			files = (
			);
			inputPaths = (
			);
			name = "[CP] Embed Pods Frameworks";
			outputPaths = (
			);
			runOnlyForDeploymentPostprocessing = 0;
			shellPath = /bin/sh;
			shellScript = "\"${SRCROOT}/Pods/Target Support Files/Pods-walkdeliveryTests/Pods-walkdeliveryTests-frameworks.sh\"\n";
			showEnvVarsInLog = 0;
		};
		E9CCD9E9BACEAD53D0D04447 /* [CP] Embed Pods Frameworks */ = {
			isa = PBXShellScriptBuildPhase;
			buildActionMask = 2147483647;
			files = (
			);
			inputPaths = (
			);
			name = "[CP] Embed Pods Frameworks";
			outputPaths = (
			);
			runOnlyForDeploymentPostprocessing = 0;
			shellPath = /bin/sh;
			shellScript = "\"${SRCROOT}/Pods/Target Support Files/Pods-walkdelivery/Pods-walkdelivery-frameworks.sh\"\n";
			showEnvVarsInLog = 0;
		};
/* End PBXShellScriptBuildPhase section */

/* Begin PBXSourcesBuildPhase section */
		555A1F641ECB1EBB00DA7A73 /* Sources */ = {
			isa = PBXSourcesBuildPhase;
			buildActionMask = 2147483647;
			files = (
				55F77E371ECDC5780094EF0F /* InitialFlowItemsInteractor.swift in Sources */,
				55D831721EE2870200989738 /* AuthSceneInteractorInterface.swift in Sources */,
				55D8317A1EE28C0500989738 /* AuthSceneIntercator.swift in Sources */,
				55D831781EE28A0100989738 /* AuthSceneAssembly.swift in Sources */,
				55696FEB1ED918F00091B98E /* AuthServiceProtocol.swift in Sources */,
				55F77E3A1ECDC8910094EF0F /* DisplayedItemsPresenter.swift in Sources */,
				55D8316E1EE2851F00989738 /* AuthViewController.swift in Sources */,
				55F77E4D1ECDD0470094EF0F /* ItemsStoreService.swift in Sources */,
				55D831701EE285FA00989738 /* AuthViewInterface.swift in Sources */,
				55F77E4F1ECDD1000094EF0F /* ItemsStoreServiceProtocol.swift in Sources */,
				555A1F6C1ECB1EBB00DA7A73 /* AppDelegate.swift in Sources */,
				55D8316C1EE2843800989738 /* AuthScenePresenter.swift in Sources */,
				55D831691EE1E96F00989738 /* ItemEntity.swift in Sources */,
				55696FE91ED918B60091B98E /* AuthService.swift in Sources */,
				55696FED1ED933CD0091B98E /* ErrorEntity.swift in Sources */,
				55D831761EE289AD00989738 /* InitialFlowItemsInteractorInterface.swift in Sources */,
			);
			runOnlyForDeploymentPostprocessing = 0;
		};
		55F77E3B1ECDC9950094EF0F /* Sources */ = {
			isa = PBXSourcesBuildPhase;
			buildActionMask = 2147483647;
			files = (
				55696FF41EDB4BFA0091B98E /* ItemStoreServiceTests.swift in Sources */,
				55F77E4A1ECDC9BB0094EF0F /* InitialFlowItemsInteractorTests.swift in Sources */,
			);
			runOnlyForDeploymentPostprocessing = 0;
		};
/* End PBXSourcesBuildPhase section */

/* Begin PBXTargetDependency section */
		55F77E451ECDC9950094EF0F /* PBXTargetDependency */ = {
			isa = PBXTargetDependency;
			target = 555A1F671ECB1EBB00DA7A73 /* walkdelivery */;
			targetProxy = 55F77E441ECDC9950094EF0F /* PBXContainerItemProxy */;
		};
/* End PBXTargetDependency section */

/* Begin XCBuildConfiguration section */
		555A1F781ECB1EBB00DA7A73 /* Debug */ = {
			isa = XCBuildConfiguration;
			buildSettings = {
				ALWAYS_SEARCH_USER_PATHS = NO;
				CLANG_ANALYZER_NONNULL = YES;
				CLANG_CXX_LANGUAGE_STANDARD = "gnu++0x";
				CLANG_CXX_LIBRARY = "libc++";
				CLANG_ENABLE_MODULES = YES;
				CLANG_ENABLE_OBJC_ARC = YES;
				CLANG_WARN_BOOL_CONVERSION = YES;
				CLANG_WARN_CONSTANT_CONVERSION = YES;
				CLANG_WARN_DIRECT_OBJC_ISA_USAGE = YES_ERROR;
				CLANG_WARN_DOCUMENTATION_COMMENTS = YES;
				CLANG_WARN_EMPTY_BODY = YES;
				CLANG_WARN_ENUM_CONVERSION = YES;
				CLANG_WARN_INFINITE_RECURSION = YES;
				CLANG_WARN_INT_CONVERSION = YES;
				CLANG_WARN_OBJC_ROOT_CLASS = YES_ERROR;
				CLANG_WARN_SUSPICIOUS_MOVE = YES;
				CLANG_WARN_UNREACHABLE_CODE = YES;
				CLANG_WARN__DUPLICATE_METHOD_MATCH = YES;
				"CODE_SIGN_IDENTITY[sdk=iphoneos*]" = "iPhone Developer";
				COPY_PHASE_STRIP = NO;
				DEBUG_INFORMATION_FORMAT = dwarf;
				ENABLE_STRICT_OBJC_MSGSEND = YES;
				ENABLE_TESTABILITY = YES;
				GCC_C_LANGUAGE_STANDARD = gnu99;
				GCC_DYNAMIC_NO_PIC = NO;
				GCC_NO_COMMON_BLOCKS = YES;
				GCC_OPTIMIZATION_LEVEL = 0;
				GCC_PREPROCESSOR_DEFINITIONS = (
					"DEBUG=1",
					"$(inherited)",
				);
				GCC_WARN_64_TO_32_BIT_CONVERSION = YES;
				GCC_WARN_ABOUT_RETURN_TYPE = YES_ERROR;
				GCC_WARN_UNDECLARED_SELECTOR = YES;
				GCC_WARN_UNINITIALIZED_AUTOS = YES_AGGRESSIVE;
				GCC_WARN_UNUSED_FUNCTION = YES;
				GCC_WARN_UNUSED_VARIABLE = YES;
				IPHONEOS_DEPLOYMENT_TARGET = 10.2;
				MTL_ENABLE_DEBUG_INFO = YES;
				ONLY_ACTIVE_ARCH = YES;
				SDKROOT = iphoneos;
				SWIFT_ACTIVE_COMPILATION_CONDITIONS = DEBUG;
				SWIFT_OPTIMIZATION_LEVEL = "-Onone";
			};
			name = Debug;
		};
		555A1F791ECB1EBB00DA7A73 /* Release */ = {
			isa = XCBuildConfiguration;
			buildSettings = {
				ALWAYS_SEARCH_USER_PATHS = NO;
				CLANG_ANALYZER_NONNULL = YES;
				CLANG_CXX_LANGUAGE_STANDARD = "gnu++0x";
				CLANG_CXX_LIBRARY = "libc++";
				CLANG_ENABLE_MODULES = YES;
				CLANG_ENABLE_OBJC_ARC = YES;
				CLANG_WARN_BOOL_CONVERSION = YES;
				CLANG_WARN_CONSTANT_CONVERSION = YES;
				CLANG_WARN_DIRECT_OBJC_ISA_USAGE = YES_ERROR;
				CLANG_WARN_DOCUMENTATION_COMMENTS = YES;
				CLANG_WARN_EMPTY_BODY = YES;
				CLANG_WARN_ENUM_CONVERSION = YES;
				CLANG_WARN_INFINITE_RECURSION = YES;
				CLANG_WARN_INT_CONVERSION = YES;
				CLANG_WARN_OBJC_ROOT_CLASS = YES_ERROR;
				CLANG_WARN_SUSPICIOUS_MOVE = YES;
				CLANG_WARN_UNREACHABLE_CODE = YES;
				CLANG_WARN__DUPLICATE_METHOD_MATCH = YES;
				"CODE_SIGN_IDENTITY[sdk=iphoneos*]" = "iPhone Developer";
				COPY_PHASE_STRIP = NO;
				DEBUG_INFORMATION_FORMAT = "dwarf-with-dsym";
				ENABLE_NS_ASSERTIONS = NO;
				ENABLE_STRICT_OBJC_MSGSEND = YES;
				GCC_C_LANGUAGE_STANDARD = gnu99;
				GCC_NO_COMMON_BLOCKS = YES;
				GCC_WARN_64_TO_32_BIT_CONVERSION = YES;
				GCC_WARN_ABOUT_RETURN_TYPE = YES_ERROR;
				GCC_WARN_UNDECLARED_SELECTOR = YES;
				GCC_WARN_UNINITIALIZED_AUTOS = YES_AGGRESSIVE;
				GCC_WARN_UNUSED_FUNCTION = YES;
				GCC_WARN_UNUSED_VARIABLE = YES;
				IPHONEOS_DEPLOYMENT_TARGET = 10.2;
				MTL_ENABLE_DEBUG_INFO = NO;
				SDKROOT = iphoneos;
				SWIFT_OPTIMIZATION_LEVEL = "-Owholemodule";
				VALIDATE_PRODUCT = YES;
			};
			name = Release;
		};
		555A1F7B1ECB1EBB00DA7A73 /* Debug */ = {
			isa = XCBuildConfiguration;
			baseConfigurationReference = 4F13E919C41BD86BEDA56728 /* Pods-walkdelivery.debug.xcconfig */;
			buildSettings = {
				ASSETCATALOG_COMPILER_APPICON_NAME = AppIcon;
				CODE_SIGN_ENTITLEMENTS = walkdelivery/walkdelivery.entitlements;
				DEVELOPMENT_TEAM = 6UKGANHQB6;
				INFOPLIST_FILE = walkdelivery/Info.plist;
				LD_RUNPATH_SEARCH_PATHS = "$(inherited) @executable_path/Frameworks";
				PRODUCT_BUNDLE_IDENTIFIER = com.lebedac.walkdelivery;
				PRODUCT_NAME = "$(TARGET_NAME)";
				SWIFT_VERSION = 3.0;
			};
			name = Debug;
		};
		555A1F7C1ECB1EBB00DA7A73 /* Release */ = {
			isa = XCBuildConfiguration;
			baseConfigurationReference = FC5C392CA8AF1ECA5AB727C6 /* Pods-walkdelivery.release.xcconfig */;
			buildSettings = {
				ASSETCATALOG_COMPILER_APPICON_NAME = AppIcon;
				CODE_SIGN_ENTITLEMENTS = walkdelivery/walkdelivery.entitlements;
				DEVELOPMENT_TEAM = 6UKGANHQB6;
				INFOPLIST_FILE = walkdelivery/Info.plist;
				LD_RUNPATH_SEARCH_PATHS = "$(inherited) @executable_path/Frameworks";
				PRODUCT_BUNDLE_IDENTIFIER = com.lebedac.walkdelivery;
				PRODUCT_NAME = "$(TARGET_NAME)";
				SWIFT_VERSION = 3.0;
			};
			name = Release;
		};
		55F77E471ECDC9950094EF0F /* Debug */ = {
			isa = XCBuildConfiguration;
			baseConfigurationReference = AFDF9E635457BE0DEBFC8880 /* Pods-walkdeliveryTests.debug.xcconfig */;
			buildSettings = {
				BUNDLE_LOADER = "$(TEST_HOST)";
				DEVELOPMENT_TEAM = 6UKGANHQB6;
				INFOPLIST_FILE = walkdeliveryTests/Info.plist;
				LD_RUNPATH_SEARCH_PATHS = "$(inherited) @executable_path/Frameworks @loader_path/Frameworks";
				PRODUCT_BUNDLE_IDENTIFIER = com.lebedac.walkdeliveryTests;
				PRODUCT_NAME = "$(TARGET_NAME)";
				SWIFT_VERSION = 3.0;
				TEST_HOST = "$(BUILT_PRODUCTS_DIR)/walkdelivery.app/walkdelivery";
			};
			name = Debug;
		};
		55F77E481ECDC9950094EF0F /* Release */ = {
			isa = XCBuildConfiguration;
			baseConfigurationReference = 966417674724C99A7EB57AFE /* Pods-walkdeliveryTests.release.xcconfig */;
			buildSettings = {
				BUNDLE_LOADER = "$(TEST_HOST)";
				DEVELOPMENT_TEAM = 6UKGANHQB6;
				INFOPLIST_FILE = walkdeliveryTests/Info.plist;
				LD_RUNPATH_SEARCH_PATHS = "$(inherited) @executable_path/Frameworks @loader_path/Frameworks";
				PRODUCT_BUNDLE_IDENTIFIER = com.lebedac.walkdeliveryTests;
				PRODUCT_NAME = "$(TARGET_NAME)";
				SWIFT_VERSION = 3.0;
				TEST_HOST = "$(BUILT_PRODUCTS_DIR)/walkdelivery.app/walkdelivery";
			};
			name = Release;
		};
/* End XCBuildConfiguration section */

/* Begin XCConfigurationList section */
		555A1F631ECB1EBB00DA7A73 /* Build configuration list for PBXProject "walkdelivery" */ = {
			isa = XCConfigurationList;
			buildConfigurations = (
				555A1F781ECB1EBB00DA7A73 /* Debug */,
				555A1F791ECB1EBB00DA7A73 /* Release */,
			);
			defaultConfigurationIsVisible = 0;
			defaultConfigurationName = Release;
		};
		555A1F7A1ECB1EBB00DA7A73 /* Build configuration list for PBXNativeTarget "walkdelivery" */ = {
			isa = XCConfigurationList;
			buildConfigurations = (
				555A1F7B1ECB1EBB00DA7A73 /* Debug */,
				555A1F7C1ECB1EBB00DA7A73 /* Release */,
			);
			defaultConfigurationIsVisible = 0;
			defaultConfigurationName = Release;
		};
		55F77E461ECDC9950094EF0F /* Build configuration list for PBXNativeTarget "walkdeliveryTests" */ = {
			isa = XCConfigurationList;
			buildConfigurations = (
				55F77E471ECDC9950094EF0F /* Debug */,
				55F77E481ECDC9950094EF0F /* Release */,
			);
			defaultConfigurationIsVisible = 0;
			defaultConfigurationName = Release;
		};
/* End XCConfigurationList section */
	};
	rootObject = 555A1F601ECB1EBB00DA7A73 /* Project object */;
}
